
Microsoft Visual Studio Solution File, Format Version 12.00
# Visual Studio Version 16
VisualStudioVersion = 16.0.33214.272
MinimumVisualStudioVersion = 10.0.40219.1
Project("{FAE04EC0-301F-11D3-BF4B-00C04F79EFBC}") = "CSharpFun", "CSharpFun\CSharpFun.csproj", "{752AE0A1-1048-44EC-ADED-70E3817D9B9A}"
EndProject
Global
	GlobalSection(SolutionConfigurationPlatforms) = preSolution
		Debug|Any CPU = Debug|Any CPU
		Release|Any CPU = Release|Any CPU
	EndGlobalSection
	GlobalSection(ProjectConfigurationPlatforms) = postSolution
		{752AE0A1-1048-44EC-ADED-70E3817D9B9A}.Debug|Any CPU.ActiveCfg = Debug|Any CPU
		{752AE0A1-1048-44EC-ADED-70E3817D9B9A}.Debug|Any CPU.Build.0 = Debug|Any CPU
		{752AE0A1-1048-44EC-ADED-70E3817D9B9A}.Release|Any CPU.ActiveCfg = Release|Any CPU
		{752AE0A1-1048-44EC-ADED-70E3817D9B9A}.Release|Any CPU.Build.0 = Release|Any CPU
	EndGlobalSection
	GlobalSection(SolutionProperties) = preSolution
		HideSolutionNode = FALSE
	EndGlobalSection
	GlobalSection(ExtensibilityGlobals) = postSolution
		SolutionGuid = {86360D10-8934-42AE-8FF1-C22932A84276}
	EndGlobalSection
EndGlobal
